# This file was autogenerated by uv via the following command:
#    uv pip compile pyproject.toml --extra dev --python-version 3.11 --universal --no-emit-index-url --output-file requirements.lock
annotated-types==0.8.0
    # via pydantic
anyio==4.15.1
    # via httpx
certifi==2026.7.22
    # via
    #   httpcore
    #   httpx
colorama==0.4.6 ; sys_platform == 'win32'
    # via pytest
editables==0.5
    # via sim7600-voice-agent (pyproject.toml)
h11==0.16.0
    # via httpcore
hatchling==1.27.0
    # via sim7600-voice-agent (pyproject.toml)
httpcore==1.0.9
    # via httpx
httpx==0.28.1
    # via sim7600-voice-agent (pyproject.toml)
idna==3.19
    # via
    #   anyio
    #   httpx
iniconfig==2.3.0
    # via pytest
packaging==26.3
    # via
    #   hatchling
    #   pytest
pathspec==1.1.1
    # via hatchling
pluggy==1.6.0
    # via
    #   hatchling
    #   pytest
pydantic==2.13.5
    # via sim7600-voice-agent (pyproject.toml)
pydantic-core==2.46.5
    # via pydantic
pygments==2.21.0
    # via pytest
pytest==9.1.1
    # via sim7600-voice-agent (pyproject.toml)
ruff==0.16.6
    # via sim7600-voice-agent (pyproject.toml)
trove-classifiers==2026.6.1.19
    # via hatchling
typing-extensions==4.16.0
    # via
    #   anyio
    #   pydantic
    #   pydantic-core
    #   typing-inspection
typing-inspection==0.4.4
    # via pydantic
